<?xml version="1.0" encoding="utf-8"?>
<Project ToolsVersion="16.0" xmlns="http://schemas.microsoft.com/developer/msbuild/2003">
  <ItemGroup>
    <ClCompile Include="E:\PhysicsBasedAnimation\AntTweakBar\src\TwColors.cpp">
      <Filter>Source Files</Filter>
    </ClCompile>
    <ClCompile Include="E:\PhysicsBasedAnimation\AntTweakBar\src\TwOpenGLCore.cpp">
      <Filter>Source Files</Filter>
    </ClCompile>
    <ClCompile Include="E:\PhysicsBasedAnimation\AntTweakBar\src\TwFonts.cpp">
      <Filter>Source Files</Filter>
    </ClCompile>
    <ClCompile Include="E:\PhysicsBasedAnimation\AntTweakBar\src\TwEventGLUT.c">
      <Filter>Source Files</Filter>
    </ClCompile>
    <ClCompile Include="E:\PhysicsBasedAnimation\AntTweakBar\src\TwPrecomp.cpp">
      <Filter>Source Files</Filter>
    </ClCompile>
    <ClCompile Include="E:\PhysicsBasedAnimation\AntTweakBar\src\LoadOGL.cpp">
      <Filter>Source Files</Filter>
    </ClCompile>
    <ClCompile Include="E:\PhysicsBasedAnimation\AntTweakBar\src\TwMgr.cpp">
      <Filter>Source Files</Filter>
    </ClCompile>
    <ClCompile Include="E:\PhysicsBasedAnimation\AntTweakBar\src\LoadOGLCore.cpp">
      <Filter>Source Files</Filter>
    </ClCompile>
    <ClCompile Include="E:\PhysicsBasedAnimation\AntTweakBar\src\TwBar.cpp">
      <Filter>Source Files</Filter>
    </ClCompile>
    <ClCompile Include="E:\PhysicsBasedAnimation\AntTweakBar\src\TwOpenGL.cpp">
      <Filter>Source Files</Filter>
    </ClCompile>
    <ClCompile Include="E:\PhysicsBasedAnimation\AntTweakBar\src\TwEventWin.c">
      <Filter>Source Files</Filter>
    </ClCompile>
  </ItemGroup>
  <ItemGroup>
    <ClInclude Include="E:\PhysicsBasedAnimation\AntTweakBar\src\AntPerfTimer.h">
      <Filter>Header Files</Filter>
    </ClInclude>
    <ClInclude Include="E:\PhysicsBasedAnimation\AntTweakBar\src\MiniGLUT.h">
      <Filter>Header Files</Filter>
    </ClInclude>
    <ClInclude Include="E:\PhysicsBasedAnimation\AntTweakBar\src\TwColors.h">
      <Filter>Header Files</Filter>
    </ClInclude>
    <ClInclude Include="E:\PhysicsBasedAnimation\AntTweakBar\src\TwOpenGLCore.h">
      <Filter>Header Files</Filter>
    </ClInclude>
    <ClInclude Include="E:\PhysicsBasedAnimation\AntTweakBar\src\TwFonts.h">
      <Filter>Header Files</Filter>
    </ClInclude>
    <ClInclude Include="E:\PhysicsBasedAnimation\AntTweakBar\src\TwGraph.h">
      <Filter>Header Files</Filter>
    </ClInclude>
    <ClInclude Include="E:\PhysicsBasedAnimation\AntTweakBar\src\TwPrecomp.h">
      <Filter>Header Files</Filter>
    </ClInclude>
    <ClInclude Include="E:\PhysicsBasedAnimation\AntTweakBar\src\LoadOGL.h">
      <Filter>Header Files</Filter>
    </ClInclude>
    <ClInclude Include="E:\PhysicsBasedAnimation\AntTweakBar\src\resource.h">
      <Filter>Header Files</Filter>
    </ClInclude>
    <ClInclude Include="E:\PhysicsBasedAnimation\AntTweakBar\src\TwMgr.h">
      <Filter>Header Files</Filter>
    </ClInclude>
    <ClInclude Include="E:\PhysicsBasedAnimation\AntTweakBar\src\LoadOGLCore.h">
      <Filter>Header Files</Filter>
    </ClInclude>
    <ClInclude Include="E:\PhysicsBasedAnimation\AntTweakBar\src\TwBar.h">
      <Filter>Header Files</Filter>
    </ClInclude>
    <ClInclude Include="E:\PhysicsBasedAnimation\AntTweakBar\src\TwOpenGL.h">
      <Filter>Header Files</Filter>
    </ClInclude>
  </ItemGroup>
  <ItemGroup>
    <CustomBuild Include="E:\PhysicsBasedAnimation\AntTweakBar\CMakeLists.txt" />
  </ItemGroup>
  <ItemGroup>
    <Filter Include="Header Files">
      <UniqueIdentifier>{3363D19E-C22F-30EC-B02B-F1CF004CDF32}</UniqueIdentifier>
    </Filter>
    <Filter Include="Source Files">
      <UniqueIdentifier>{C6429456-76E7-300F-871B-68C00726B23D}</UniqueIdentifier>
    </Filter>
  </ItemGroup>
</Project>
